
Microsoft Visual Studio Solution File, Format Version 12.00
# Visual Studio 15
Project("{FAE04EC0-301F-11D3-BF4B-00C04F79EFBC}") = "Assembly-CSharp", "Assembly-CSharp.csproj", "{4FF27C09-7F91-C443-88B8-D99B5204F1C0}"
EndProject
Project("{FAE04EC0-301F-11D3-BF4B-00C04F79EFBC}") = "Assembly-CSharp-firstpass", "Assembly-CSharp-firstpass.csproj", "{2D24F3AD-4A90-114B-CB46-9399AE8993F8}"
EndProject
Project("{FAE04EC0-301F-11D3-BF4B-00C04F79EFBC}") = "Assembly-CSharp-Editor-firstpass", "Assembly-CSharp-Editor-firstpass.csproj", "{277C6549-353C-D60D-F1D5-86A249343CA9}"
EndProject
Project("{FAE04EC0-301F-11D3-BF4B-00C04F79EFBC}") = "Assembly-CSharp-Editor", "Assembly-CSharp-Editor.csproj", "{94FE0D27-E62D-C3A5-F34C-BFD84A9AAEF9}"
EndProject
Global
	GlobalSection(SolutionConfigurationPlatforms) = preSolution
		Debug|Any CPU = Debug|Any CPU
		Release|Any CPU = Release|Any CPU
	EndGlobalSection
	GlobalSection(ProjectConfigurationPlatforms) = postSolution
		{4FF27C09-7F91-C443-88B8-D99B5204F1C0}.Debug|Any CPU.ActiveCfg = Debug|Any CPU
		{4FF27C09-7F91-C443-88B8-D99B5204F1C0}.Debug|Any CPU.Build.0 = Debug|Any CPU
		{4FF27C09-7F91-C443-88B8-D99B5204F1C0}.Release|Any CPU.ActiveCfg = Release|Any CPU
		{4FF27C09-7F91-C443-88B8-D99B5204F1C0}.Release|Any CPU.Build.0 = Release|Any CPU
		{2D24F3AD-4A90-114B-CB46-9399AE8993F8}.Debug|Any CPU.ActiveCfg = Debug|Any CPU
		{2D24F3AD-4A90-114B-CB46-9399AE8993F8}.Debug|Any CPU.Build.0 = Debug|Any CPU
		{2D24F3AD-4A90-114B-CB46-9399AE8993F8}.Release|Any CPU.ActiveCfg = Release|Any CPU
		{2D24F3AD-4A90-114B-CB46-9399AE8993F8}.Release|Any CPU.Build.0 = Release|Any CPU
		{277C6549-353C-D60D-F1D5-86A249343CA9}.Debug|Any CPU.ActiveCfg = Debug|Any CPU
		{277C6549-353C-D60D-F1D5-86A249343CA9}.Debug|Any CPU.Build.0 = Debug|Any CPU
		{277C6549-353C-D60D-F1D5-86A249343CA9}.Release|Any CPU.ActiveCfg = Release|Any CPU
		{277C6549-353C-D60D-F1D5-86A249343CA9}.Release|Any CPU.Build.0 = Release|Any CPU
		{94FE0D27-E62D-C3A5-F34C-BFD84A9AAEF9}.Debug|Any CPU.ActiveCfg = Debug|Any CPU
		{94FE0D27-E62D-C3A5-F34C-BFD84A9AAEF9}.Debug|Any CPU.Build.0 = Debug|Any CPU
		{94FE0D27-E62D-C3A5-F34C-BFD84A9AAEF9}.Release|Any CPU.ActiveCfg = Release|Any CPU
		{94FE0D27-E62D-C3A5-F34C-BFD84A9AAEF9}.Release|Any CPU.Build.0 = Release|Any CPU
	EndGlobalSection
	GlobalSection(SolutionProperties) = preSolution
		HideSolutionNode = FALSE
	EndGlobalSection
EndGlobal
